
Microsoft Visual Studio Solution File, Format Version 12.00
# Visual Studio Version 16
VisualStudioVersion = 16.0.30611.23
MinimumVisualStudioVersion = 10.0.40219.1
Project("{9A19103F-16F7-4668-BE54-9A1E7A4F7556}") = "Chapter12", "Chapter12.csproj", "{CA11389A-2142-404D-856D-13E7FD28F130}"
EndProject
Global
	GlobalSection(SolutionConfigurationPlatforms) = preSolution
		Debug|Any CPU = Debug|Any CPU
		Release|Any CPU = Release|Any CPU
	EndGlobalSection
	GlobalSection(ProjectConfigurationPlatforms) = postSolution
		{CA11389A-2142-404D-856D-13E7FD28F130}.Debug|Any CPU.ActiveCfg = Debug|Any CPU
		{CA11389A-2142-404D-856D-13E7FD28F130}.Debug|Any CPU.Build.0 = Debug|Any CPU
		{CA11389A-2142-404D-856D-13E7FD28F130}.Release|Any CPU.ActiveCfg = Release|Any CPU
		{CA11389A-2142-404D-856D-13E7FD28F130}.Release|Any CPU.Build.0 = Release|Any CPU
	EndGlobalSection
	GlobalSection(SolutionProperties) = preSolution
		HideSolutionNode = FALSE
	EndGlobalSection
	GlobalSection(ExtensibilityGlobals) = postSolution
		SolutionGuid = {5A76D689-FB80-4829-B2C6-E5F9C59BA0DD}
	EndGlobalSection
EndGlobal
