
Microsoft Visual Studio Solution File, Format Version 12.00
# Visual Studio Version 16
VisualStudioVersion = 16.0.30428.66
MinimumVisualStudioVersion = 10.0.40219.1
Project("{9A19103F-16F7-4668-BE54-9A1E7A4F7556}") = "Chapter_08_DB_Auth", "Chapter_08_DB_Auth\Chapter_08_DB_Auth.csproj", "{4894B84D-5501-4E6A-8F87-1690A0B08BEA}"
EndProject
Global
	GlobalSection(SolutionConfigurationPlatforms) = preSolution
		Debug|Any CPU = Debug|Any CPU
		Release|Any CPU = Release|Any CPU
	EndGlobalSection
	GlobalSection(ProjectConfigurationPlatforms) = postSolution
		{4894B84D-5501-4E6A-8F87-1690A0B08BEA}.Debug|Any CPU.ActiveCfg = Debug|Any CPU
		{4894B84D-5501-4E6A-8F87-1690A0B08BEA}.Debug|Any CPU.Build.0 = Debug|Any CPU
		{4894B84D-5501-4E6A-8F87-1690A0B08BEA}.Release|Any CPU.ActiveCfg = Release|Any CPU
		{4894B84D-5501-4E6A-8F87-1690A0B08BEA}.Release|Any CPU.Build.0 = Release|Any CPU
	EndGlobalSection
	GlobalSection(SolutionProperties) = preSolution
		HideSolutionNode = FALSE
	EndGlobalSection
	GlobalSection(ExtensibilityGlobals) = postSolution
		SolutionGuid = {AF264711-84E5-4A97-95A0-78FA05680ECF}
	EndGlobalSection
EndGlobal
