
Microsoft Visual Studio Solution File, Format Version 12.00
# Visual Studio Version 16
VisualStudioVersion = 16.0.30225.117
MinimumVisualStudioVersion = 10.0.40219.1
Project("{9A19103F-16F7-4668-BE54-9A1E7A4F7556}") = "LearningRazorSyntax", "LearningRazorSyntax\LearningRazorSyntax.csproj", "{2910EFB3-6724-4132-9912-4A186520F02C}"
EndProject
Project("{FAE04EC0-301F-11D3-BF4B-00C04F79EFBC}") = "ToDo.MVC", "ToDo.MVC\ToDo.MVC.csproj", "{DAD8D5D8-3159-4E17-ABC6-21905D28B476}"
EndProject
Project("{FAE04EC0-301F-11D3-BF4B-00C04F79EFBC}") = "ToDo.RazorPages", "ToDo.RazorPages\ToDo.RazorPages.csproj", "{6C79E1C1-F055-4C33-A2FE-0744227AAED1}"
EndProject
Global
	GlobalSection(SolutionConfigurationPlatforms) = preSolution
		Debug|Any CPU = Debug|Any CPU
		Release|Any CPU = Release|Any CPU
	EndGlobalSection
	GlobalSection(ProjectConfigurationPlatforms) = postSolution
		{2910EFB3-6724-4132-9912-4A186520F02C}.Debug|Any CPU.ActiveCfg = Debug|Any CPU
		{2910EFB3-6724-4132-9912-4A186520F02C}.Debug|Any CPU.Build.0 = Debug|Any CPU
		{2910EFB3-6724-4132-9912-4A186520F02C}.Release|Any CPU.ActiveCfg = Release|Any CPU
		{2910EFB3-6724-4132-9912-4A186520F02C}.Release|Any CPU.Build.0 = Release|Any CPU
		{DAD8D5D8-3159-4E17-ABC6-21905D28B476}.Debug|Any CPU.ActiveCfg = Debug|Any CPU
		{DAD8D5D8-3159-4E17-ABC6-21905D28B476}.Debug|Any CPU.Build.0 = Debug|Any CPU
		{DAD8D5D8-3159-4E17-ABC6-21905D28B476}.Release|Any CPU.ActiveCfg = Release|Any CPU
		{DAD8D5D8-3159-4E17-ABC6-21905D28B476}.Release|Any CPU.Build.0 = Release|Any CPU
		{6C79E1C1-F055-4C33-A2FE-0744227AAED1}.Debug|Any CPU.ActiveCfg = Debug|Any CPU
		{6C79E1C1-F055-4C33-A2FE-0744227AAED1}.Debug|Any CPU.Build.0 = Debug|Any CPU
		{6C79E1C1-F055-4C33-A2FE-0744227AAED1}.Release|Any CPU.ActiveCfg = Release|Any CPU
		{6C79E1C1-F055-4C33-A2FE-0744227AAED1}.Release|Any CPU.Build.0 = Release|Any CPU
	EndGlobalSection
	GlobalSection(SolutionProperties) = preSolution
		HideSolutionNode = FALSE
	EndGlobalSection
	GlobalSection(ExtensibilityGlobals) = postSolution
		SolutionGuid = {9C7EE406-B383-4A75-91C9-7CF521381515}
	EndGlobalSection
EndGlobal
