
Microsoft Visual Studio Solution File, Format Version 12.00
# Visual Studio Version 16
VisualStudioVersion = 16.0.30517.126
MinimumVisualStudioVersion = 15.0.26124.0
Project("{9A19103F-16F7-4668-BE54-9A1E7A4F7556}") = "web", "web\web.csproj", "{B62A7DC0-BA6B-4D2F-A619-91585F1B6B69}"
EndProject
Project("{E53339B2-1760-4266-BCC7-CA923CBCF16C}") = "docker-compose", "docker-compose.dcproj", "{AFF71CB2-08D6-40DC-B55F-6EE733A9E92B}"
EndProject
Global
	GlobalSection(SolutionConfigurationPlatforms) = preSolution
		Debug|Any CPU = Debug|Any CPU
		Debug|x64 = Debug|x64
		Debug|x86 = Debug|x86
		Release|Any CPU = Release|Any CPU
		Release|x64 = Release|x64
		Release|x86 = Release|x86
	EndGlobalSection
	GlobalSection(ProjectConfigurationPlatforms) = postSolution
		{B62A7DC0-BA6B-4D2F-A619-91585F1B6B69}.Debug|Any CPU.ActiveCfg = Debug|Any CPU
		{B62A7DC0-BA6B-4D2F-A619-91585F1B6B69}.Debug|Any CPU.Build.0 = Debug|Any CPU
		{B62A7DC0-BA6B-4D2F-A619-91585F1B6B69}.Debug|x64.ActiveCfg = Debug|Any CPU
		{B62A7DC0-BA6B-4D2F-A619-91585F1B6B69}.Debug|x64.Build.0 = Debug|Any CPU
		{B62A7DC0-BA6B-4D2F-A619-91585F1B6B69}.Debug|x86.ActiveCfg = Debug|Any CPU
		{B62A7DC0-BA6B-4D2F-A619-91585F1B6B69}.Debug|x86.Build.0 = Debug|Any CPU
		{B62A7DC0-BA6B-4D2F-A619-91585F1B6B69}.Release|Any CPU.ActiveCfg = Release|Any CPU
		{B62A7DC0-BA6B-4D2F-A619-91585F1B6B69}.Release|Any CPU.Build.0 = Release|Any CPU
		{B62A7DC0-BA6B-4D2F-A619-91585F1B6B69}.Release|x64.ActiveCfg = Release|Any CPU
		{B62A7DC0-BA6B-4D2F-A619-91585F1B6B69}.Release|x64.Build.0 = Release|Any CPU
		{B62A7DC0-BA6B-4D2F-A619-91585F1B6B69}.Release|x86.ActiveCfg = Release|Any CPU
		{B62A7DC0-BA6B-4D2F-A619-91585F1B6B69}.Release|x86.Build.0 = Release|Any CPU
		{AFF71CB2-08D6-40DC-B55F-6EE733A9E92B}.Debug|Any CPU.ActiveCfg = Debug|Any CPU
		{AFF71CB2-08D6-40DC-B55F-6EE733A9E92B}.Debug|Any CPU.Build.0 = Debug|Any CPU
		{AFF71CB2-08D6-40DC-B55F-6EE733A9E92B}.Debug|x64.ActiveCfg = Debug|Any CPU
		{AFF71CB2-08D6-40DC-B55F-6EE733A9E92B}.Debug|x64.Build.0 = Debug|Any CPU
		{AFF71CB2-08D6-40DC-B55F-6EE733A9E92B}.Debug|x86.ActiveCfg = Debug|Any CPU
		{AFF71CB2-08D6-40DC-B55F-6EE733A9E92B}.Debug|x86.Build.0 = Debug|Any CPU
		{AFF71CB2-08D6-40DC-B55F-6EE733A9E92B}.Release|Any CPU.ActiveCfg = Release|Any CPU
		{AFF71CB2-08D6-40DC-B55F-6EE733A9E92B}.Release|Any CPU.Build.0 = Release|Any CPU
		{AFF71CB2-08D6-40DC-B55F-6EE733A9E92B}.Release|x64.ActiveCfg = Release|Any CPU
		{AFF71CB2-08D6-40DC-B55F-6EE733A9E92B}.Release|x64.Build.0 = Release|Any CPU
		{AFF71CB2-08D6-40DC-B55F-6EE733A9E92B}.Release|x86.ActiveCfg = Release|Any CPU
		{AFF71CB2-08D6-40DC-B55F-6EE733A9E92B}.Release|x86.Build.0 = Release|Any CPU
	EndGlobalSection
	GlobalSection(SolutionProperties) = preSolution
		HideSolutionNode = FALSE
	EndGlobalSection
	GlobalSection(ExtensibilityGlobals) = postSolution
		SolutionGuid = {002E631A-E0FA-411C-92D9-4CDB99C45C68}
	EndGlobalSection
EndGlobal
