
Microsoft Visual Studio Solution File, Format Version 12.00
# Visual Studio Version 16
VisualStudioVersion = 16.0.30223.230
MinimumVisualStudioVersion = 10.0.40219.1
Project("{9A19103F-16F7-4668-BE54-9A1E7A4F7556}") = "Chapter_03_QuickStart", "QuickStart\Chapter_03_QuickStart.csproj", "{686C5CA6-1C2A-48AA-A14A-B966C55B7B8E}"
EndProject
Global
	GlobalSection(SolutionConfigurationPlatforms) = preSolution
		Debug|Any CPU = Debug|Any CPU
		Release|Any CPU = Release|Any CPU
	EndGlobalSection
	GlobalSection(ProjectConfigurationPlatforms) = postSolution
		{686C5CA6-1C2A-48AA-A14A-B966C55B7B8E}.Debug|Any CPU.ActiveCfg = Debug|Any CPU
		{686C5CA6-1C2A-48AA-A14A-B966C55B7B8E}.Debug|Any CPU.Build.0 = Debug|Any CPU
		{686C5CA6-1C2A-48AA-A14A-B966C55B7B8E}.Release|Any CPU.ActiveCfg = Release|Any CPU
		{686C5CA6-1C2A-48AA-A14A-B966C55B7B8E}.Release|Any CPU.Build.0 = Release|Any CPU
	EndGlobalSection
	GlobalSection(SolutionProperties) = preSolution
		HideSolutionNode = FALSE
	EndGlobalSection
	GlobalSection(ExtensibilityGlobals) = postSolution
		SolutionGuid = {416A8E9B-64A3-4258-9C73-CBBF0114E20A}
	EndGlobalSection
EndGlobal
