
Microsoft Visual Studio Solution File, Format Version 12.00
# Visual Studio Version 16
VisualStudioVersion = 16.0.30611.23
MinimumVisualStudioVersion = 10.0.40219.1
Project("{9A19103F-16F7-4668-BE54-9A1E7A4F7556}") = "Chapter 10 Final", "Chapter 10 Final.csproj", "{9707A9C0-0C90-4A0F-A145-4588B2FEECFA}"
EndProject
Global
	GlobalSection(SolutionConfigurationPlatforms) = preSolution
		Debug|Any CPU = Debug|Any CPU
		Release|Any CPU = Release|Any CPU
	EndGlobalSection
	GlobalSection(ProjectConfigurationPlatforms) = postSolution
		{9707A9C0-0C90-4A0F-A145-4588B2FEECFA}.Debug|Any CPU.ActiveCfg = Debug|Any CPU
		{9707A9C0-0C90-4A0F-A145-4588B2FEECFA}.Debug|Any CPU.Build.0 = Debug|Any CPU
		{9707A9C0-0C90-4A0F-A145-4588B2FEECFA}.Release|Any CPU.ActiveCfg = Release|Any CPU
		{9707A9C0-0C90-4A0F-A145-4588B2FEECFA}.Release|Any CPU.Build.0 = Release|Any CPU
	EndGlobalSection
	GlobalSection(SolutionProperties) = preSolution
		HideSolutionNode = FALSE
	EndGlobalSection
	GlobalSection(ExtensibilityGlobals) = postSolution
		SolutionGuid = {32A422D3-C3B7-4224-B956-99AA3AC70EA3}
	EndGlobalSection
EndGlobal
