
Microsoft Visual Studio Solution File, Format Version 12.00
# Visual Studio Version 16
VisualStudioVersion = 16.0.30225.117
MinimumVisualStudioVersion = 10.0.40219.1
Project("{FAE04EC0-301F-11D3-BF4B-00C04F79EFBC}") = "PlaceApi", "PlaceApi\PlaceApi.csproj", "{E1BFB621-C70C-4F82-96F7-5BCF37EBC8CF}"
EndProject
Project("{FAE04EC0-301F-11D3-BF4B-00C04F79EFBC}") = "BlazorServer.Web", "BlazorServer.Web\BlazorServer.Web.csproj", "{AC122350-AA16-4AEA-953B-3ED0AF39CEE4}"
EndProject
Project("{FAE04EC0-301F-11D3-BF4B-00C04F79EFBC}") = "BlazorWasm.PWA", "BlazorWasm.PWA\BlazorWasm.PWA.csproj", "{8C2A42BB-139A-47CB-990F-06BCDACC99EE}"
EndProject
Global
	GlobalSection(SolutionConfigurationPlatforms) = preSolution
		Debug|Any CPU = Debug|Any CPU
		Release|Any CPU = Release|Any CPU
	EndGlobalSection
	GlobalSection(ProjectConfigurationPlatforms) = postSolution
		{E1BFB621-C70C-4F82-96F7-5BCF37EBC8CF}.Debug|Any CPU.ActiveCfg = Debug|Any CPU
		{E1BFB621-C70C-4F82-96F7-5BCF37EBC8CF}.Debug|Any CPU.Build.0 = Debug|Any CPU
		{E1BFB621-C70C-4F82-96F7-5BCF37EBC8CF}.Release|Any CPU.ActiveCfg = Release|Any CPU
		{E1BFB621-C70C-4F82-96F7-5BCF37EBC8CF}.Release|Any CPU.Build.0 = Release|Any CPU
		{AC122350-AA16-4AEA-953B-3ED0AF39CEE4}.Debug|Any CPU.ActiveCfg = Debug|Any CPU
		{AC122350-AA16-4AEA-953B-3ED0AF39CEE4}.Debug|Any CPU.Build.0 = Debug|Any CPU
		{AC122350-AA16-4AEA-953B-3ED0AF39CEE4}.Release|Any CPU.ActiveCfg = Release|Any CPU
		{AC122350-AA16-4AEA-953B-3ED0AF39CEE4}.Release|Any CPU.Build.0 = Release|Any CPU
		{8C2A42BB-139A-47CB-990F-06BCDACC99EE}.Debug|Any CPU.ActiveCfg = Debug|Any CPU
		{8C2A42BB-139A-47CB-990F-06BCDACC99EE}.Debug|Any CPU.Build.0 = Debug|Any CPU
		{8C2A42BB-139A-47CB-990F-06BCDACC99EE}.Release|Any CPU.ActiveCfg = Release|Any CPU
		{8C2A42BB-139A-47CB-990F-06BCDACC99EE}.Release|Any CPU.Build.0 = Release|Any CPU
	EndGlobalSection
	GlobalSection(SolutionProperties) = preSolution
		HideSolutionNode = FALSE
	EndGlobalSection
	GlobalSection(ExtensibilityGlobals) = postSolution
		SolutionGuid = {A4E29B73-4FB4-4C0A-827C-4B46BA00CA7F}
	EndGlobalSection
EndGlobal
