
Microsoft Visual Studio Solution File, Format Version 12.00
# Visual Studio Version 16
VisualStudioVersion = 16.0.30225.117
MinimumVisualStudioVersion = 10.0.40219.1
Project("{9A19103F-16F7-4668-BE54-9A1E7A4F7556}") = "EFCore_DatabaseFirst", "EFCore_DatabaseFirst\EFCore_DatabaseFirst.csproj", "{1CF9DF73-6589-4E4C-A2B0-F764C2D5E88B}"
EndProject
Project("{FAE04EC0-301F-11D3-BF4B-00C04F79EFBC}") = "EFCore_CodeFirst", "EFCore_CodeFirst\EFCore_CodeFirst.csproj", "{CF7C5BC8-3D3F-431B-8CEB-FDFFED166663}"
EndProject
Global
	GlobalSection(SolutionConfigurationPlatforms) = preSolution
		Debug|Any CPU = Debug|Any CPU
		Release|Any CPU = Release|Any CPU
	EndGlobalSection
	GlobalSection(ProjectConfigurationPlatforms) = postSolution
		{1CF9DF73-6589-4E4C-A2B0-F764C2D5E88B}.Debug|Any CPU.ActiveCfg = Debug|Any CPU
		{1CF9DF73-6589-4E4C-A2B0-F764C2D5E88B}.Debug|Any CPU.Build.0 = Debug|Any CPU
		{1CF9DF73-6589-4E4C-A2B0-F764C2D5E88B}.Release|Any CPU.ActiveCfg = Release|Any CPU
		{1CF9DF73-6589-4E4C-A2B0-F764C2D5E88B}.Release|Any CPU.Build.0 = Release|Any CPU
		{CF7C5BC8-3D3F-431B-8CEB-FDFFED166663}.Debug|Any CPU.ActiveCfg = Debug|Any CPU
		{CF7C5BC8-3D3F-431B-8CEB-FDFFED166663}.Debug|Any CPU.Build.0 = Debug|Any CPU
		{CF7C5BC8-3D3F-431B-8CEB-FDFFED166663}.Release|Any CPU.ActiveCfg = Release|Any CPU
		{CF7C5BC8-3D3F-431B-8CEB-FDFFED166663}.Release|Any CPU.Build.0 = Release|Any CPU
	EndGlobalSection
	GlobalSection(SolutionProperties) = preSolution
		HideSolutionNode = FALSE
	EndGlobalSection
	GlobalSection(ExtensibilityGlobals) = postSolution
		SolutionGuid = {34474208-7813-4B9A-AC1C-CEFA7F37FB3D}
	EndGlobalSection
EndGlobal
