
Microsoft Visual Studio Solution File, Format Version 12.00
# Visual Studio Version 16
VisualStudioVersion = 16.0.30404.54
MinimumVisualStudioVersion = 10.0.40219.1
Project("{FAE04EC0-301F-11D3-BF4B-00C04F79EFBC}") = "Chapter_01_HelloWeb", "Chapter_01_HelloWeb\Chapter_01_HelloWeb.csproj", "{F55BB92A-90E1-47A4-B5F0-9395224CCA87}"
EndProject
Global
	GlobalSection(SolutionConfigurationPlatforms) = preSolution
		Debug|Any CPU = Debug|Any CPU
		Release|Any CPU = Release|Any CPU
	EndGlobalSection
	GlobalSection(ProjectConfigurationPlatforms) = postSolution
		{F55BB92A-90E1-47A4-B5F0-9395224CCA87}.Debug|Any CPU.ActiveCfg = Debug|Any CPU
		{F55BB92A-90E1-47A4-B5F0-9395224CCA87}.Debug|Any CPU.Build.0 = Debug|Any CPU
		{F55BB92A-90E1-47A4-B5F0-9395224CCA87}.Release|Any CPU.ActiveCfg = Release|Any CPU
		{F55BB92A-90E1-47A4-B5F0-9395224CCA87}.Release|Any CPU.Build.0 = Release|Any CPU
	EndGlobalSection
	GlobalSection(SolutionProperties) = preSolution
		HideSolutionNode = FALSE
	EndGlobalSection
	GlobalSection(ExtensibilityGlobals) = postSolution
		SolutionGuid = {CCF6896F-5B16-4683-8558-607260350B43}
	EndGlobalSection
EndGlobal
